
Microsoft Visual Studio Solution File, Format Version 12.00
# Visual Studio Version 17
VisualStudioVersion = 17.9.34728.123
MinimumVisualStudioVersion = 10.0.40219.1
Project("{FAE04EC0-301F-11D3-BF4B-00C04F79EFBC}") = "Horseracer", "Hesteløp\Horseracer.csproj", "{AFDE61D2-91A5-43E6-9412-5D1F434606C8}"
EndProject
Global
	GlobalSection(SolutionConfigurationPlatforms) = preSolution
		Debug|Any CPU = Debug|Any CPU
		Release|Any CPU = Release|Any CPU
	EndGlobalSection
	GlobalSection(ProjectConfigurationPlatforms) = postSolution
		{AFDE61D2-91A5-43E6-9412-5D1F434606C8}.Debug|Any CPU.ActiveCfg = Debug|Any CPU
		{AFDE61D2-91A5-43E6-9412-5D1F434606C8}.Debug|Any CPU.Build.0 = Debug|Any CPU
		{AFDE61D2-91A5-43E6-9412-5D1F434606C8}.Release|Any CPU.ActiveCfg = Release|Any CPU
		{AFDE61D2-91A5-43E6-9412-5D1F434606C8}.Release|Any CPU.Build.0 = Release|Any CPU
	EndGlobalSection
	GlobalSection(SolutionProperties) = preSolution
		HideSolutionNode = FALSE
	EndGlobalSection
	GlobalSection(ExtensibilityGlobals) = postSolution
		SolutionGuid = {C1D3D3E2-BC49-4732-BE0E-A1856D219286}
	EndGlobalSection
EndGlobal
